
Microsoft Visual Studio Solution File, Format Version 12.00
# Visual Studio Version 17
VisualStudioVersion = 17.11.35327.3
MinimumVisualStudioVersion = 10.0.40219.1
Project("{FAE04EC0-301F-11D3-BF4B-00C04F79EFBC}") = "ProjektLaboratorium", "ProjektLaboratorium.csproj", "{091F7F80-951A-498F-972A-F96AC437B6CC}"
EndProject
Global
	GlobalSection(SolutionConfigurationPlatforms) = preSolution
		Debug|Any CPU = Debug|Any CPU
		Release|Any CPU = Release|Any CPU
	EndGlobalSection
	GlobalSection(ProjectConfigurationPlatforms) = postSolution
		{091F7F80-951A-498F-972A-F96AC437B6CC}.Debug|Any CPU.ActiveCfg = Debug|Any CPU
		{091F7F80-951A-498F-972A-F96AC437B6CC}.Debug|Any CPU.Build.0 = Debug|Any CPU
		{091F7F80-951A-498F-972A-F96AC437B6CC}.Release|Any CPU.ActiveCfg = Release|Any CPU
		{091F7F80-951A-498F-972A-F96AC437B6CC}.Release|Any CPU.Build.0 = Release|Any CPU
	EndGlobalSection
	GlobalSection(SolutionProperties) = preSolution
		HideSolutionNode = FALSE
	EndGlobalSection
	GlobalSection(ExtensibilityGlobals) = postSolution
		SolutionGuid = {7DE0FAC4-574B-4535-B5DF-E370743CB9B3}
	EndGlobalSection
EndGlobal
